
Microsoft Visual Studio Solution File, Format Version 12.00
# Visual Studio Version 17
VisualStudioVersion = 17.11.35222.181
MinimumVisualStudioVersion = 10.0.40219.1
Project("{FAE04EC0-301F-11D3-BF4B-00C04F79EFBC}") = "Notes", "Notes\Notes.csproj", "{B64C615B-49F4-4151-8974-387F6314EE51}"
EndProject
Global
	GlobalSection(SolutionConfigurationPlatforms) = preSolution
		Debug|Any CPU = Debug|Any CPU
		Release|Any CPU = Release|Any CPU
	EndGlobalSection
	GlobalSection(ProjectConfigurationPlatforms) = postSolution
		{B64C615B-49F4-4151-8974-387F6314EE51}.Debug|Any CPU.ActiveCfg = Debug|Any CPU
		{B64C615B-49F4-4151-8974-387F6314EE51}.Debug|Any CPU.Build.0 = Debug|Any CPU
		{B64C615B-49F4-4151-8974-387F6314EE51}.Debug|Any CPU.Deploy.0 = Debug|Any CPU
		{B64C615B-49F4-4151-8974-387F6314EE51}.Release|Any CPU.ActiveCfg = Release|Any CPU
		{B64C615B-49F4-4151-8974-387F6314EE51}.Release|Any CPU.Build.0 = Release|Any CPU
		{B64C615B-49F4-4151-8974-387F6314EE51}.Release|Any CPU.Deploy.0 = Release|Any CPU
	EndGlobalSection
	GlobalSection(SolutionProperties) = preSolution
		HideSolutionNode = FALSE
	EndGlobalSection
	GlobalSection(ExtensibilityGlobals) = postSolution
		SolutionGuid = {0F0F127F-52EF-421D-B76E-60D3D4E657DE}
	EndGlobalSection
EndGlobal
